// !$*UTF8*$!
{
	archiveVersion = 1;
	classes = {
	};
	objectVersion = 51;
	objects = {

/* Begin PBXBuildFile section */
		200EE181AAE99268EEBC9406 /* Pods_StarbucksClone.framework in Frameworks */ = {isa = PBXBuildFile; fileRef = 2312E2CE6D6D6A966CE7F2E4 /* Pods_StarbucksClone.framework */; };
		A637153A246BE65C00BA74C8 /* GiftShopViewController.swift in Sources */ = {isa = PBXBuildFile; fileRef = A6371539246BE65C00BA74C8 /* GiftShopViewController.swift */; };
		A6371541246BED0B00BA74C8 /* GSSegmentControl.swift in Sources */ = {isa = PBXBuildFile; fileRef = A6371540246BED0B00BA74C8 /* GSSegmentControl.swift */; };
		A65FC740247290B6009CE4DA /* GSBannerView.swift in Sources */ = {isa = PBXBuildFile; fileRef = A65FC73F247290B6009CE4DA /* GSBannerView.swift */; };
		A65FC74224729884009CE4DA /* GSTagButtonsView.swift in Sources */ = {isa = PBXBuildFile; fileRef = A65FC74124729884009CE4DA /* GSTagButtonsView.swift */; };
		DE983158246336C000599581 /* AppDelegate.swift in Sources */ = {isa = PBXBuildFile; fileRef = DE983157246336C000599581 /* AppDelegate.swift */; };
		DE98315C246336C000599581 /* ViewController.swift in Sources */ = {isa = PBXBuildFile; fileRef = DE98315B246336C000599581 /* ViewController.swift */; };
		DE983161246336C000599581 /* Assets.xcassets in Resources */ = {isa = PBXBuildFile; fileRef = DE983160246336C000599581 /* Assets.xcassets */; };
		DE983164246336C000599581 /* LaunchScreen.storyboard in Resources */ = {isa = PBXBuildFile; fileRef = DE983162246336C000599581 /* LaunchScreen.storyboard */; };
/* End PBXBuildFile section */

/* Begin PBXFileReference section */
		2312E2CE6D6D6A966CE7F2E4 /* Pods_StarbucksClone.framework */ = {isa = PBXFileReference; explicitFileType = wrapper.framework; includeInIndex = 0; path = Pods_StarbucksClone.framework; sourceTree = BUILT_PRODUCTS_DIR; };
		29C351D2FE81670C42DFE03A /* Pods-StarbucksClone.release.xcconfig */ = {isa = PBXFileReference; includeInIndex = 1; lastKnownFileType = text.xcconfig; name = "Pods-StarbucksClone.release.xcconfig"; path = "Target Support Files/Pods-StarbucksClone/Pods-StarbucksClone.release.xcconfig"; sourceTree = "<group>"; };
		A6371539246BE65C00BA74C8 /* GiftShopViewController.swift */ = {isa = PBXFileReference; lastKnownFileType = sourcecode.swift; path = GiftShopViewController.swift; sourceTree = "<group>"; };
		A6371540246BED0B00BA74C8 /* GSSegmentControl.swift */ = {isa = PBXFileReference; lastKnownFileType = sourcecode.swift; path = GSSegmentControl.swift; sourceTree = "<group>"; };
		A65FC73F247290B6009CE4DA /* GSBannerView.swift */ = {isa = PBXFileReference; lastKnownFileType = sourcecode.swift; path = GSBannerView.swift; sourceTree = "<group>"; };
		A65FC74124729884009CE4DA /* GSTagButtonsView.swift */ = {isa = PBXFileReference; lastKnownFileType = sourcecode.swift; path = GSTagButtonsView.swift; sourceTree = "<group>"; };
		DE983154246336C000599581 /* StarbucksClone.app */ = {isa = PBXFileReference; explicitFileType = wrapper.application; includeInIndex = 0; path = StarbucksClone.app; sourceTree = BUILT_PRODUCTS_DIR; };
		DE983157246336C000599581 /* AppDelegate.swift */ = {isa = PBXFileReference; lastKnownFileType = sourcecode.swift; path = AppDelegate.swift; sourceTree = "<group>"; };
		DE98315B246336C000599581 /* ViewController.swift */ = {isa = PBXFileReference; lastKnownFileType = sourcecode.swift; path = ViewController.swift; sourceTree = "<group>"; };
		DE983160246336C000599581 /* Assets.xcassets */ = {isa = PBXFileReference; lastKnownFileType = folder.assetcatalog; path = Assets.xcassets; sourceTree = "<group>"; };
		DE983163246336C000599581 /* Base */ = {isa = PBXFileReference; lastKnownFileType = file.storyboard; name = Base; path = Base.lproj/LaunchScreen.storyboard; sourceTree = "<group>"; };
		DE983165246336C000599581 /* Info.plist */ = {isa = PBXFileReference; lastKnownFileType = text.plist.xml; path = Info.plist; sourceTree = "<group>"; };
		EC41EC8BE5412DABFA310457 /* Pods-StarbucksClone.debug.xcconfig */ = {isa = PBXFileReference; includeInIndex = 1; lastKnownFileType = text.xcconfig; name = "Pods-StarbucksClone.debug.xcconfig"; path = "Target Support Files/Pods-StarbucksClone/Pods-StarbucksClone.debug.xcconfig"; sourceTree = "<group>"; };
/* End PBXFileReference section */

/* Begin PBXFrameworksBuildPhase section */
		DE983151246336C000599581 /* Frameworks */ = {
			isa = PBXFrameworksBuildPhase;
			buildActionMask = 2147483647;
			files = (
				200EE181AAE99268EEBC9406 /* Pods_StarbucksClone.framework in Frameworks */,
			);
			runOnlyForDeploymentPostprocessing = 0;
		};
/* End PBXFrameworksBuildPhase section */

/* Begin PBXGroup section */
		A08A240D97E076E38B6DF6B3 /* Pods */ = {
			isa = PBXGroup;
			children = (
				EC41EC8BE5412DABFA310457 /* Pods-StarbucksClone.debug.xcconfig */,
				29C351D2FE81670C42DFE03A /* Pods-StarbucksClone.release.xcconfig */,
			);
			path = Pods;
			sourceTree = "<group>";
		};
		A637153B246BE66200BA74C8 /* GiftShop */ = {
			isa = PBXGroup;
			children = (
				A637153E246BEC8000BA74C8 /* Model */,
				A637153C246BE66800BA74C8 /* Views */,
				A637153F246BEC8700BA74C8 /* Controller */,
			);
			path = GiftShop;
			sourceTree = "<group>";
		};
		A637153C246BE66800BA74C8 /* Views */ = {
			isa = PBXGroup;
			children = (
				A6371540246BED0B00BA74C8 /* GSSegmentControl.swift */,
				A65FC73F247290B6009CE4DA /* GSBannerView.swift */,
				A65FC74124729884009CE4DA /* GSTagButtonsView.swift */,
			);
			path = Views;
			sourceTree = "<group>";
		};
		A637153E246BEC8000BA74C8 /* Model */ = {
			isa = PBXGroup;
			children = (
			);
			path = Model;
			sourceTree = "<group>";
		};
		A637153F246BEC8700BA74C8 /* Controller */ = {
			isa = PBXGroup;
			children = (
				A6371539246BE65C00BA74C8 /* GiftShopViewController.swift */,
			);
			path = Controller;
			sourceTree = "<group>";
		};
		DE98314B246336C000599581 = {
			isa = PBXGroup;
			children = (
				DE983156246336C000599581 /* StarbucksClone */,
				DE983155246336C000599581 /* Products */,
				A08A240D97E076E38B6DF6B3 /* Pods */,
				EDCE475AB77304E7F5EC64C5 /* Frameworks */,
			);
			sourceTree = "<group>";
		};
		DE983155246336C000599581 /* Products */ = {
			isa = PBXGroup;
			children = (
				DE983154246336C000599581 /* StarbucksClone.app */,
			);
			name = Products;
			sourceTree = "<group>";
		};
		DE983156246336C000599581 /* StarbucksClone */ = {
			isa = PBXGroup;
			children = (
				DE983157246336C000599581 /* AppDelegate.swift */,
				DE98315B246336C000599581 /* ViewController.swift */,
				DE983160246336C000599581 /* Assets.xcassets */,
				DE983162246336C000599581 /* LaunchScreen.storyboard */,
				DE983165246336C000599581 /* Info.plist */,
				A637153B246BE66200BA74C8 /* GiftShop */,
			);
			path = StarbucksClone;
			sourceTree = "<group>";
		};
		EDCE475AB77304E7F5EC64C5 /* Frameworks */ = {
			isa = PBXGroup;
			children = (
				2312E2CE6D6D6A966CE7F2E4 /* Pods_StarbucksClone.framework */,
			);
			name = Frameworks;
			sourceTree = "<group>";
		};
/* End PBXGroup section */

/* Begin PBXNativeTarget section */
		DE983153246336C000599581 /* StarbucksClone */ = {
			isa = PBXNativeTarget;
			buildConfigurationList = DE983168246336C000599581 /* Build configuration list for PBXNativeTarget "StarbucksClone" */;
			buildPhases = (
				4417A0D661EAA7DF7F839C88 /* [CP] Check Pods Manifest.lock */,
				DE983150246336C000599581 /* Sources */,
				DE983151246336C000599581 /* Frameworks */,
				DE983152246336C000599581 /* Resources */,
				A293785DDC476442258F98F1 /* [CP] Embed Pods Frameworks */,
			);
			buildRules = (
			);
			dependencies = (
			);
			name = StarbucksClone;
			productName = StarbucksClone;
			productReference = DE983154246336C000599581 /* StarbucksClone.app */;
			productType = "com.apple.product-type.application";
		};
/* End PBXNativeTarget section */

/* Begin PBXProject section */
		DE98314C246336C000599581 /* Project object */ = {
			isa = PBXProject;
			attributes = {
				LastSwiftUpdateCheck = 1140;
				LastUpgradeCheck = 1140;
				ORGANIZATIONNAME = momo;
				TargetAttributes = {
					DE983153246336C000599581 = {
						CreatedOnToolsVersion = 11.4.1;
					};
				};
			};
			buildConfigurationList = DE98314F246336C000599581 /* Build configuration list for PBXProject "StarbucksClone" */;
			compatibilityVersion = "Xcode 9.3";
			developmentRegion = en;
			hasScannedForEncodings = 0;
			knownRegions = (
				en,
				Base,
			);
			mainGroup = DE98314B246336C000599581;
			productRefGroup = DE983155246336C000599581 /* Products */;
			projectDirPath = "";
			projectRoot = "";
			targets = (
				DE983153246336C000599581 /* StarbucksClone */,
			);
		};
/* End PBXProject section */

/* Begin PBXResourcesBuildPhase section */
		DE983152246336C000599581 /* Resources */ = {
			isa = PBXResourcesBuildPhase;
			buildActionMask = 2147483647;
			files = (
				DE983164246336C000599581 /* LaunchScreen.storyboard in Resources */,
				DE983161246336C000599581 /* Assets.xcassets in Resources */,
			);
			runOnlyForDeploymentPostprocessing = 0;
		};
/* End PBXResourcesBuildPhase section */

/* Begin PBXShellScriptBuildPhase section */
		4417A0D661EAA7DF7F839C88 /* [CP] Check Pods Manifest.lock */ = {
			isa = PBXShellScriptBuildPhase;
			buildActionMask = 2147483647;
			files = (
			);
			inputFileListPaths = (
			);
			inputPaths = (
				"${PODS_PODFILE_DIR_PATH}/Podfile.lock",
				"${PODS_ROOT}/Manifest.lock",
			);
			name = "[CP] Check Pods Manifest.lock";
			outputFileListPaths = (
			);
			outputPaths = (
				"$(DERIVED_FILE_DIR)/Pods-StarbucksClone-checkManifestLockResult.txt",
			);
			runOnlyForDeploymentPostprocessing = 0;
			shellPath = /bin/sh;
			shellScript = "diff \"${PODS_PODFILE_DIR_PATH}/Podfile.lock\" \"${PODS_ROOT}/Manifest.lock\" > /dev/null\nif [ $? != 0 ] ; then\n    # print error to STDERR\n    echo \"error: The sandbox is not in sync with the Podfile.lock. Run 'pod install' or update your CocoaPods installation.\" >&2\n    exit 1\nfi\n# This output is used by Xcode 'outputs' to avoid re-running this script phase.\necho \"SUCCESS\" > \"${SCRIPT_OUTPUT_FILE_0}\"\n";
			showEnvVarsInLog = 0;
		};
		A293785DDC476442258F98F1 /* [CP] Embed Pods Frameworks */ = {
			isa = PBXShellScriptBuildPhase;
			buildActionMask = 2147483647;
			files = (
			);
			inputFileListPaths = (
				"${PODS_ROOT}/Target Support Files/Pods-StarbucksClone/Pods-StarbucksClone-frameworks-${CONFIGURATION}-input-files.xcfilelist",
			);
			name = "[CP] Embed Pods Frameworks";
			outputFileListPaths = (
				"${PODS_ROOT}/Target Support Files/Pods-StarbucksClone/Pods-StarbucksClone-frameworks-${CONFIGURATION}-output-files.xcfilelist",
			);
			runOnlyForDeploymentPostprocessing = 0;
			shellPath = /bin/sh;
			shellScript = "\"${PODS_ROOT}/Target Support Files/Pods-StarbucksClone/Pods-StarbucksClone-frameworks.sh\"\n";
			showEnvVarsInLog = 0;
		};
/* End PBXShellScriptBuildPhase section */

/* Begin PBXSourcesBuildPhase section */
		DE983150246336C000599581 /* Sources */ = {
			isa = PBXSourcesBuildPhase;
			buildActionMask = 2147483647;
			files = (
				A6371541246BED0B00BA74C8 /* GSSegmentControl.swift in Sources */,
				DE98315C246336C000599581 /* ViewController.swift in Sources */,
				A637153A246BE65C00BA74C8 /* GiftShopViewController.swift in Sources */,
				DE983158246336C000599581 /* AppDelegate.swift in Sources */,
				A65FC740247290B6009CE4DA /* GSBannerView.swift in Sources */,
				A65FC74224729884009CE4DA /* GSTagButtonsView.swift in Sources */,
			);
			runOnlyForDeploymentPostprocessing = 0;
		};
/* End PBXSourcesBuildPhase section */

/* Begin PBXVariantGroup section */
		DE983162246336C000599581 /* LaunchScreen.storyboard */ = {
			isa = PBXVariantGroup;
			children = (
				DE983163246336C000599581 /* Base */,
			);
			name = LaunchScreen.storyboard;
			sourceTree = "<group>";
		};
/* End PBXVariantGroup section */

/* Begin XCBuildConfiguration section */
		DE983166246336C000599581 /* Debug */ = {
			isa = XCBuildConfiguration;
			buildSettings = {
				ALWAYS_SEARCH_USER_PATHS = NO;
				CLANG_ANALYZER_NONNULL = YES;
				CLANG_ANALYZER_NUMBER_OBJECT_CONVERSION = YES_AGGRESSIVE;
				CLANG_CXX_LANGUAGE_STANDARD = "gnu++14";
				CLANG_CXX_LIBRARY = "libc++";
				CLANG_ENABLE_MODULES = YES;
				CLANG_ENABLE_OBJC_ARC = YES;
				CLANG_ENABLE_OBJC_WEAK = YES;
				CLANG_WARN_BLOCK_CAPTURE_AUTORELEASING = YES;
				CLANG_WARN_BOOL_CONVERSION = YES;
				CLANG_WARN_COMMA = YES;
				CLANG_WARN_CONSTANT_CONVERSION = YES;
				CLANG_WARN_DEPRECATED_OBJC_IMPLEMENTATIONS = YES;
				CLANG_WARN_DIRECT_OBJC_ISA_USAGE = YES_ERROR;
				CLANG_WARN_DOCUMENTATION_COMMENTS = YES;
				CLANG_WARN_EMPTY_BODY = YES;
				CLANG_WARN_ENUM_CONVERSION = YES;
				CLANG_WARN_INFINITE_RECURSION = YES;
				CLANG_WARN_INT_CONVERSION = YES;
				CLANG_WARN_NON_LITERAL_NULL_CONVERSION = YES;
				CLANG_WARN_OBJC_IMPLICIT_RETAIN_SELF = YES;
				CLANG_WARN_OBJC_LITERAL_CONVERSION = YES;
				CLANG_WARN_OBJC_ROOT_CLASS = YES_ERROR;
				CLANG_WARN_RANGE_LOOP_ANALYSIS = YES;
				CLANG_WARN_STRICT_PROTOTYPES = YES;
				CLANG_WARN_SUSPICIOUS_MOVE = YES;
				CLANG_WARN_UNGUARDED_AVAILABILITY = YES_AGGRESSIVE;
				CLANG_WARN_UNREACHABLE_CODE = YES;
				CLANG_WARN__DUPLICATE_METHOD_MATCH = YES;
				COPY_PHASE_STRIP = NO;
				DEBUG_INFORMATION_FORMAT = dwarf;
				ENABLE_STRICT_OBJC_MSGSEND = YES;
				ENABLE_TESTABILITY = YES;
				GCC_C_LANGUAGE_STANDARD = gnu11;
				GCC_DYNAMIC_NO_PIC = NO;
				GCC_NO_COMMON_BLOCKS = YES;
				GCC_OPTIMIZATION_LEVEL = 0;
				GCC_PREPROCESSOR_DEFINITIONS = (
					"DEBUG=1",
					"$(inherited)",
				);
				GCC_WARN_64_TO_32_BIT_CONVERSION = YES;
				GCC_WARN_ABOUT_RETURN_TYPE = YES_ERROR;
				GCC_WARN_UNDECLARED_SELECTOR = YES;
				GCC_WARN_UNINITIALIZED_AUTOS = YES_AGGRESSIVE;
				GCC_WARN_UNUSED_FUNCTION = YES;
				GCC_WARN_UNUSED_VARIABLE = YES;
				IPHONEOS_DEPLOYMENT_TARGET = 13.4;
				MTL_ENABLE_DEBUG_INFO = INCLUDE_SOURCE;
				MTL_FAST_MATH = YES;
				ONLY_ACTIVE_ARCH = YES;
				SDKROOT = iphoneos;
				SWIFT_ACTIVE_COMPILATION_CONDITIONS = DEBUG;
				SWIFT_OPTIMIZATION_LEVEL = "-Onone";
			};
			name = Debug;
		};
		DE983167246336C000599581 /* Release */ = {
			isa = XCBuildConfiguration;
			buildSettings = {
				ALWAYS_SEARCH_USER_PATHS = NO;
				CLANG_ANALYZER_NONNULL = YES;
				CLANG_ANALYZER_NUMBER_OBJECT_CONVERSION = YES_AGGRESSIVE;
				CLANG_CXX_LANGUAGE_STANDARD = "gnu++14";
				CLANG_CXX_LIBRARY = "libc++";
				CLANG_ENABLE_MODULES = YES;
				CLANG_ENABLE_OBJC_ARC = YES;
				CLANG_ENABLE_OBJC_WEAK = YES;
				CLANG_WARN_BLOCK_CAPTURE_AUTORELEASING = YES;
				CLANG_WARN_BOOL_CONVERSION = YES;
				CLANG_WARN_COMMA = YES;
				CLANG_WARN_CONSTANT_CONVERSION = YES;
				CLANG_WARN_DEPRECATED_OBJC_IMPLEMENTATIONS = YES;
				CLANG_WARN_DIRECT_OBJC_ISA_USAGE = YES_ERROR;
				CLANG_WARN_DOCUMENTATION_COMMENTS = YES;
				CLANG_WARN_EMPTY_BODY = YES;
				CLANG_WARN_ENUM_CONVERSION = YES;
				CLANG_WARN_INFINITE_RECURSION = YES;
				CLANG_WARN_INT_CONVERSION = YES;
				CLANG_WARN_NON_LITERAL_NULL_CONVERSION = YES;
				CLANG_WARN_OBJC_IMPLICIT_RETAIN_SELF = YES;
				CLANG_WARN_OBJC_LITERAL_CONVERSION = YES;
				CLANG_WARN_OBJC_ROOT_CLASS = YES_ERROR;
				CLANG_WARN_RANGE_LOOP_ANALYSIS = YES;
				CLANG_WARN_STRICT_PROTOTYPES = YES;
				CLANG_WARN_SUSPICIOUS_MOVE = YES;
				CLANG_WARN_UNGUARDED_AVAILABILITY = YES_AGGRESSIVE;
				CLANG_WARN_UNREACHABLE_CODE = YES;
				CLANG_WARN__DUPLICATE_METHOD_MATCH = YES;
				COPY_PHASE_STRIP = NO;
				DEBUG_INFORMATION_FORMAT = "dwarf-with-dsym";
				ENABLE_NS_ASSERTIONS = NO;
				ENABLE_STRICT_OBJC_MSGSEND = YES;
				GCC_C_LANGUAGE_STANDARD = gnu11;
				GCC_NO_COMMON_BLOCKS = YES;
				GCC_WARN_64_TO_32_BIT_CONVERSION = YES;
				GCC_WARN_ABOUT_RETURN_TYPE = YES_ERROR;
				GCC_WARN_UNDECLARED_SELECTOR = YES;
				GCC_WARN_UNINITIALIZED_AUTOS = YES_AGGRESSIVE;
				GCC_WARN_UNUSED_FUNCTION = YES;
				GCC_WARN_UNUSED_VARIABLE = YES;
				IPHONEOS_DEPLOYMENT_TARGET = 13.4;
				MTL_ENABLE_DEBUG_INFO = NO;
				MTL_FAST_MATH = YES;
				SDKROOT = iphoneos;
				SWIFT_COMPILATION_MODE = wholemodule;
				SWIFT_OPTIMIZATION_LEVEL = "-O";
				VALIDATE_PRODUCT = YES;
			};
			name = Release;
		};
		DE983169246336C000599581 /* Debug */ = {
			isa = XCBuildConfiguration;
			baseConfigurationReference = EC41EC8BE5412DABFA310457 /* Pods-StarbucksClone.debug.xcconfig */;
			buildSettings = {
				ASSETCATALOG_COMPILER_APPICON_NAME = AppIcon;
				CODE_SIGN_STYLE = Automatic;
				DEVELOPMENT_TEAM = Q66WJKW45F;
				INFOPLIST_FILE = StarbucksClone/Info.plist;
				LD_RUNPATH_SEARCH_PATHS = (
					"$(inherited)",
					"@executable_path/Frameworks",
				);
				PRODUCT_BUNDLE_IDENTIFIER = "com-SelfProject.StarbucksClone";
				PRODUCT_NAME = "$(TARGET_NAME)";
				SWIFT_VERSION = 5.0;
				TARGETED_DEVICE_FAMILY = "1,2";
			};
			name = Debug;
		};
		DE98316A246336C000599581 /* Release */ = {
			isa = XCBuildConfiguration;
			baseConfigurationReference = 29C351D2FE81670C42DFE03A /* Pods-StarbucksClone.release.xcconfig */;
			buildSettings = {
				ASSETCATALOG_COMPILER_APPICON_NAME = AppIcon;
				CODE_SIGN_STYLE = Automatic;
				DEVELOPMENT_TEAM = Q66WJKW45F;
				INFOPLIST_FILE = StarbucksClone/Info.plist;
				LD_RUNPATH_SEARCH_PATHS = (
					"$(inherited)",
					"@executable_path/Frameworks",
				);
				PRODUCT_BUNDLE_IDENTIFIER = "com-SelfProject.StarbucksClone";
				PRODUCT_NAME = "$(TARGET_NAME)";
				SWIFT_VERSION = 5.0;
				TARGETED_DEVICE_FAMILY = "1,2";
			};
			name = Release;
		};
/* End XCBuildConfiguration section */

/* Begin XCConfigurationList section */
		DE98314F246336C000599581 /* Build configuration list for PBXProject "StarbucksClone" */ = {
			isa = XCConfigurationList;
			buildConfigurations = (
				DE983166246336C000599581 /* Debug */,
				DE983167246336C000599581 /* Release */,
			);
			defaultConfigurationIsVisible = 0;
			defaultConfigurationName = Release;
		};
		DE983168246336C000599581 /* Build configuration list for PBXNativeTarget "StarbucksClone" */ = {
			isa = XCConfigurationList;
			buildConfigurations = (
				DE983169246336C000599581 /* Debug */,
				DE98316A246336C000599581 /* Release */,
			);
			defaultConfigurationIsVisible = 0;
			defaultConfigurationName = Release;
		};
/* End XCConfigurationList section */
	};
	rootObject = DE98314C246336C000599581 /* Project object */;
}
